
Microsoft Visual Studio Solution File, Format Version 12.00
# Visual Studio Version 16
VisualStudioVersion = 16.0.30523.141
MinimumVisualStudioVersion = 10.0.40219.1
Project("{9A19103F-16F7-4668-BE54-9A1E7A4F7556}") = "praxicloud.core", "praxicloud.core\praxicloud.core.csproj", "{39F5B274-6CEB-433D-9CCE-521232929285}"
EndProject
Project("{9A19103F-16F7-4668-BE54-9A1E7A4F7556}") = "praxicloud.core.tests", "praxicloud.core.tests\praxicloud.core.tests.csproj", "{AD3AF2AD-CD39-4085-BB2C-2C3DBC2E4ED7}"
EndProject
Global
	GlobalSection(SolutionConfigurationPlatforms) = preSolution
		Debug|Any CPU = Debug|Any CPU
		Release|Any CPU = Release|Any CPU
	EndGlobalSection
	GlobalSection(ProjectConfigurationPlatforms) = postSolution
		{39F5B274-6CEB-433D-9CCE-521232929285}.Debug|Any CPU.ActiveCfg = Debug|Any CPU
		{39F5B274-6CEB-433D-9CCE-521232929285}.Debug|Any CPU.Build.0 = Debug|Any CPU
		{39F5B274-6CEB-433D-9CCE-521232929285}.Release|Any CPU.ActiveCfg = Release|Any CPU
		{39F5B274-6CEB-433D-9CCE-521232929285}.Release|Any CPU.Build.0 = Release|Any CPU
		{AD3AF2AD-CD39-4085-BB2C-2C3DBC2E4ED7}.Debug|Any CPU.ActiveCfg = Debug|Any CPU
		{AD3AF2AD-CD39-4085-BB2C-2C3DBC2E4ED7}.Debug|Any CPU.Build.0 = Debug|Any CPU
		{AD3AF2AD-CD39-4085-BB2C-2C3DBC2E4ED7}.Release|Any CPU.ActiveCfg = Release|Any CPU
		{AD3AF2AD-CD39-4085-BB2C-2C3DBC2E4ED7}.Release|Any CPU.Build.0 = Release|Any CPU
	EndGlobalSection
	GlobalSection(SolutionProperties) = preSolution
		HideSolutionNode = FALSE
	EndGlobalSection
	GlobalSection(ExtensibilityGlobals) = postSolution
		SolutionGuid = {2D6A90E0-45A1-4069-9827-7E6E682371C8}
	EndGlobalSection
EndGlobal
